
Microsoft Visual Studio Solution File, Format Version 12.00
# Visual Studio 15
VisualStudioVersion = 15.0.26430.13
MinimumVisualStudioVersion = 10.0.40219.1
Project("{FAE04EC0-301F-11D3-BF4B-00C04F79EFBC}") = "ChinesePriceTracker", "ChinesePriceTracker\ChinesePriceTracker.csproj", "{0B223E35-F8DC-43D7-BEE4-55D06681EEE3}"
EndProject
Project("{FAE04EC0-301F-11D3-BF4B-00C04F79EFBC}") = "ChinesePriceTracker.Tests", "ChinesePriceTracker.Tests\ChinesePriceTracker.Tests.csproj", "{92D7EFB5-3A42-4A4F-9B44-EBA83CBF8DBE}"
EndProject
Global
	GlobalSection(SolutionConfigurationPlatforms) = preSolution
		Debug|Any CPU = Debug|Any CPU
		Release|Any CPU = Release|Any CPU
	EndGlobalSection
	GlobalSection(ProjectConfigurationPlatforms) = postSolution
		{0B223E35-F8DC-43D7-BEE4-55D06681EEE3}.Debug|Any CPU.ActiveCfg = Debug|Any CPU
		{0B223E35-F8DC-43D7-BEE4-55D06681EEE3}.Debug|Any CPU.Build.0 = Debug|Any CPU
		{0B223E35-F8DC-43D7-BEE4-55D06681EEE3}.Release|Any CPU.ActiveCfg = Release|Any CPU
		{0B223E35-F8DC-43D7-BEE4-55D06681EEE3}.Release|Any CPU.Build.0 = Release|Any CPU
		{92D7EFB5-3A42-4A4F-9B44-EBA83CBF8DBE}.Debug|Any CPU.ActiveCfg = Debug|Any CPU
		{92D7EFB5-3A42-4A4F-9B44-EBA83CBF8DBE}.Debug|Any CPU.Build.0 = Debug|Any CPU
		{92D7EFB5-3A42-4A4F-9B44-EBA83CBF8DBE}.Release|Any CPU.ActiveCfg = Release|Any CPU
		{92D7EFB5-3A42-4A4F-9B44-EBA83CBF8DBE}.Release|Any CPU.Build.0 = Release|Any CPU
	EndGlobalSection
	GlobalSection(SolutionProperties) = preSolution
		HideSolutionNode = FALSE
	EndGlobalSection
EndGlobal
